// !$*UTF8*$!
{
	archiveVersion = 1;
	classes = {
	};
	objectVersion = 56;
	objects = {

/* Begin PBXBuildFile section */
		9A8FF0B128BB14BF00DE4CF8 /* OlympsisApp.swift in Sources */ = {isa = PBXBuildFile; fileRef = 9A8FF0B028BB14BF00DE4CF8 /* OlympsisApp.swift */; };
		9A8FF0B328BB14BF00DE4CF8 /* ViewContainer.swift in Sources */ = {isa = PBXBuildFile; fileRef = 9A8FF0B228BB14BF00DE4CF8 /* ViewContainer.swift */; };
		9A8FF0B528BB14C100DE4CF8 /* Assets.xcassets in Resources */ = {isa = PBXBuildFile; fileRef = 9A8FF0B428BB14C100DE4CF8 /* Assets.xcassets */; };
		9A8FF0B828BB14C100DE4CF8 /* Preview Assets.xcassets in Resources */ = {isa = PBXBuildFile; fileRef = 9A8FF0B728BB14C100DE4CF8 /* Preview Assets.xcassets */; };
		9A8FF0C828BB1A1D00DE4CF8 /* Auth.swift in Sources */ = {isa = PBXBuildFile; fileRef = 9A8FF0C728BB1A1D00DE4CF8 /* Auth.swift */; };
		9A8FF0CA28BB1A2400DE4CF8 /* Permissions.swift in Sources */ = {isa = PBXBuildFile; fileRef = 9A8FF0C928BB1A2400DE4CF8 /* Permissions.swift */; };
		9A8FF0CC28BB1A3800DE4CF8 /* CreateAccount.swift in Sources */ = {isa = PBXBuildFile; fileRef = 9A8FF0CB28BB1A3800DE4CF8 /* CreateAccount.swift */; };
/* End PBXBuildFile section */

/* Begin PBXFileReference section */
		9A8FF0AD28BB14BF00DE4CF8 /* Olympsis.app */ = {isa = PBXFileReference; explicitFileType = wrapper.application; includeInIndex = 0; path = Olympsis.app; sourceTree = BUILT_PRODUCTS_DIR; };
		9A8FF0B028BB14BF00DE4CF8 /* OlympsisApp.swift */ = {isa = PBXFileReference; lastKnownFileType = sourcecode.swift; path = OlympsisApp.swift; sourceTree = "<group>"; };
		9A8FF0B228BB14BF00DE4CF8 /* ViewContainer.swift */ = {isa = PBXFileReference; lastKnownFileType = sourcecode.swift; path = ViewContainer.swift; sourceTree = "<group>"; };
		9A8FF0B428BB14C100DE4CF8 /* Assets.xcassets */ = {isa = PBXFileReference; lastKnownFileType = folder.assetcatalog; path = Assets.xcassets; sourceTree = "<group>"; };
		9A8FF0B728BB14C100DE4CF8 /* Preview Assets.xcassets */ = {isa = PBXFileReference; lastKnownFileType = folder.assetcatalog; path = "Preview Assets.xcassets"; sourceTree = "<group>"; };
		9A8FF0C728BB1A1D00DE4CF8 /* Auth.swift */ = {isa = PBXFileReference; lastKnownFileType = sourcecode.swift; path = Auth.swift; sourceTree = "<group>"; };
		9A8FF0C928BB1A2400DE4CF8 /* Permissions.swift */ = {isa = PBXFileReference; lastKnownFileType = sourcecode.swift; path = Permissions.swift; sourceTree = "<group>"; };
		9A8FF0CB28BB1A3800DE4CF8 /* CreateAccount.swift */ = {isa = PBXFileReference; lastKnownFileType = sourcecode.swift; path = CreateAccount.swift; sourceTree = "<group>"; };
		9A8FF0CD28BB1AC900DE4CF8 /* Olympsis.entitlements */ = {isa = PBXFileReference; lastKnownFileType = text.plist.entitlements; path = Olympsis.entitlements; sourceTree = "<group>"; };
		9A8FF0CE28BB1AF900DE4CF8 /* Info.plist */ = {isa = PBXFileReference; lastKnownFileType = text.plist; path = Info.plist; sourceTree = "<group>"; };
/* End PBXFileReference section */

/* Begin PBXFrameworksBuildPhase section */
		9A8FF0AA28BB14BF00DE4CF8 /* Frameworks */ = {
			isa = PBXFrameworksBuildPhase;
			buildActionMask = 2147483647;
			files = (
			);
			runOnlyForDeploymentPostprocessing = 0;
		};
/* End PBXFrameworksBuildPhase section */

/* Begin PBXGroup section */
		9A8FF0A428BB14BF00DE4CF8 = {
			isa = PBXGroup;
			children = (
				9A8FF0AF28BB14BF00DE4CF8 /* Olympsis */,
				9A8FF0AE28BB14BF00DE4CF8 /* Products */,
			);
			sourceTree = "<group>";
		};
		9A8FF0AE28BB14BF00DE4CF8 /* Products */ = {
			isa = PBXGroup;
			children = (
				9A8FF0AD28BB14BF00DE4CF8 /* Olympsis.app */,
			);
			name = Products;
			sourceTree = "<group>";
		};
		9A8FF0AF28BB14BF00DE4CF8 /* Olympsis */ = {
			isa = PBXGroup;
			children = (
				9A8FF0CE28BB1AF900DE4CF8 /* Info.plist */,
				9A8FF0CD28BB1AC900DE4CF8 /* Olympsis.entitlements */,
				9A8FF0B028BB14BF00DE4CF8 /* OlympsisApp.swift */,
				9A8FF0B428BB14C100DE4CF8 /* Assets.xcassets */,
				9A8FF0BF28BB18C300DE4CF8 /* Data */,
				9A8FF0BE28BB18B800DE4CF8 /* Views */,
				9A8FF0B628BB14C100DE4CF8 /* Preview Content */,
			);
			path = Olympsis;
			sourceTree = "<group>";
		};
		9A8FF0B628BB14C100DE4CF8 /* Preview Content */ = {
			isa = PBXGroup;
			children = (
				9A8FF0B728BB14C100DE4CF8 /* Preview Assets.xcassets */,
			);
			path = "Preview Content";
			sourceTree = "<group>";
		};
		9A8FF0BE28BB18B800DE4CF8 /* Views */ = {
			isa = PBXGroup;
			children = (
				9A8FF0C028BB198C00DE4CF8 /* Auth */,
				9A8FF0B228BB14BF00DE4CF8 /* ViewContainer.swift */,
			);
			path = Views;
			sourceTree = "<group>";
		};
		9A8FF0BF28BB18C300DE4CF8 /* Data */ = {
			isa = PBXGroup;
			children = (
			);
			path = Data;
			sourceTree = "<group>";
		};
		9A8FF0C028BB198C00DE4CF8 /* Auth */ = {
			isa = PBXGroup;
			children = (
				9A8FF0C728BB1A1D00DE4CF8 /* Auth.swift */,
				9A8FF0C928BB1A2400DE4CF8 /* Permissions.swift */,
				9A8FF0CB28BB1A3800DE4CF8 /* CreateAccount.swift */,
			);
			path = Auth;
			sourceTree = "<group>";
		};
/* End PBXGroup section */

/* Begin PBXNativeTarget section */
		9A8FF0AC28BB14BF00DE4CF8 /* Olympsis */ = {
			isa = PBXNativeTarget;
			buildConfigurationList = 9A8FF0BB28BB14C100DE4CF8 /* Build configuration list for PBXNativeTarget "Olympsis" */;
			buildPhases = (
				9A8FF0A928BB14BF00DE4CF8 /* Sources */,
				9A8FF0AA28BB14BF00DE4CF8 /* Frameworks */,
				9A8FF0AB28BB14BF00DE4CF8 /* Resources */,
			);
			buildRules = (
			);
			dependencies = (
			);
			name = Olympsis;
			productName = Olympsis;
			productReference = 9A8FF0AD28BB14BF00DE4CF8 /* Olympsis.app */;
			productType = "com.apple.product-type.application";
		};
/* End PBXNativeTarget section */

/* Begin PBXProject section */
		9A8FF0A528BB14BF00DE4CF8 /* Project object */ = {
			isa = PBXProject;
			attributes = {
				BuildIndependentTargetsInParallel = 1;
				LastSwiftUpdateCheck = 1400;
				LastUpgradeCheck = 1400;
				TargetAttributes = {
					9A8FF0AC28BB14BF00DE4CF8 = {
						CreatedOnToolsVersion = 14.0;
					};
				};
			};
			buildConfigurationList = 9A8FF0A828BB14BF00DE4CF8 /* Build configuration list for PBXProject "Olympsis" */;
			compatibilityVersion = "Xcode 14.0";
			developmentRegion = en;
			hasScannedForEncodings = 0;
			knownRegions = (
				en,
				Base,
			);
			mainGroup = 9A8FF0A428BB14BF00DE4CF8;
			productRefGroup = 9A8FF0AE28BB14BF00DE4CF8 /* Products */;
			projectDirPath = "";
			projectRoot = "";
			targets = (
				9A8FF0AC28BB14BF00DE4CF8 /* Olympsis */,
			);
		};
/* End PBXProject section */

/* Begin PBXResourcesBuildPhase section */
		9A8FF0AB28BB14BF00DE4CF8 /* Resources */ = {
			isa = PBXResourcesBuildPhase;
			buildActionMask = 2147483647;
			files = (
				9A8FF0B828BB14C100DE4CF8 /* Preview Assets.xcassets in Resources */,
				9A8FF0B528BB14C100DE4CF8 /* Assets.xcassets in Resources */,
			);
			runOnlyForDeploymentPostprocessing = 0;
		};
/* End PBXResourcesBuildPhase section */

/* Begin PBXSourcesBuildPhase section */
		9A8FF0A928BB14BF00DE4CF8 /* Sources */ = {
			isa = PBXSourcesBuildPhase;
			buildActionMask = 2147483647;
			files = (
				9A8FF0CA28BB1A2400DE4CF8 /* Permissions.swift in Sources */,
				9A8FF0B328BB14BF00DE4CF8 /* ViewContainer.swift in Sources */,
				9A8FF0CC28BB1A3800DE4CF8 /* CreateAccount.swift in Sources */,
				9A8FF0B128BB14BF00DE4CF8 /* OlympsisApp.swift in Sources */,
				9A8FF0C828BB1A1D00DE4CF8 /* Auth.swift in Sources */,
			);
			runOnlyForDeploymentPostprocessing = 0;
		};
/* End PBXSourcesBuildPhase section */

/* Begin XCBuildConfiguration section */
		9A8FF0B928BB14C100DE4CF8 /* Debug */ = {
			isa = XCBuildConfiguration;
			buildSettings = {
				ALWAYS_SEARCH_USER_PATHS = NO;
				CLANG_ANALYZER_NONNULL = YES;
				CLANG_ANALYZER_NUMBER_OBJECT_CONVERSION = YES_AGGRESSIVE;
				CLANG_CXX_LANGUAGE_STANDARD = "gnu++20";
				CLANG_ENABLE_MODULES = YES;
				CLANG_ENABLE_OBJC_ARC = YES;
				CLANG_ENABLE_OBJC_WEAK = YES;
				CLANG_WARN_BLOCK_CAPTURE_AUTORELEASING = YES;
				CLANG_WARN_BOOL_CONVERSION = YES;
				CLANG_WARN_COMMA = YES;
				CLANG_WARN_CONSTANT_CONVERSION = YES;
				CLANG_WARN_DEPRECATED_OBJC_IMPLEMENTATIONS = YES;
				CLANG_WARN_DIRECT_OBJC_ISA_USAGE = YES_ERROR;
				CLANG_WARN_DOCUMENTATION_COMMENTS = YES;
				CLANG_WARN_EMPTY_BODY = YES;
				CLANG_WARN_ENUM_CONVERSION = YES;
				CLANG_WARN_INFINITE_RECURSION = YES;
				CLANG_WARN_INT_CONVERSION = YES;
				CLANG_WARN_NON_LITERAL_NULL_CONVERSION = YES;
				CLANG_WARN_OBJC_IMPLICIT_RETAIN_SELF = YES;
				CLANG_WARN_OBJC_LITERAL_CONVERSION = YES;
				CLANG_WARN_OBJC_ROOT_CLASS = YES_ERROR;
				CLANG_WARN_QUOTED_INCLUDE_IN_FRAMEWORK_HEADER = YES;
				CLANG_WARN_RANGE_LOOP_ANALYSIS = YES;
				CLANG_WARN_STRICT_PROTOTYPES = YES;
				CLANG_WARN_SUSPICIOUS_MOVE = YES;
				CLANG_WARN_UNGUARDED_AVAILABILITY = YES_AGGRESSIVE;
				CLANG_WARN_UNREACHABLE_CODE = YES;
				CLANG_WARN__DUPLICATE_METHOD_MATCH = YES;
				COPY_PHASE_STRIP = NO;
				DEBUG_INFORMATION_FORMAT = dwarf;
				ENABLE_STRICT_OBJC_MSGSEND = YES;
				ENABLE_TESTABILITY = YES;
				GCC_C_LANGUAGE_STANDARD = gnu11;
				GCC_DYNAMIC_NO_PIC = NO;
				GCC_NO_COMMON_BLOCKS = YES;
				GCC_OPTIMIZATION_LEVEL = 0;
				GCC_PREPROCESSOR_DEFINITIONS = (
					"DEBUG=1",
					"$(inherited)",
				);
				GCC_WARN_64_TO_32_BIT_CONVERSION = YES;
				GCC_WARN_ABOUT_RETURN_TYPE = YES_ERROR;
				GCC_WARN_UNDECLARED_SELECTOR = YES;
				GCC_WARN_UNINITIALIZED_AUTOS = YES_AGGRESSIVE;
				GCC_WARN_UNUSED_FUNCTION = YES;
				GCC_WARN_UNUSED_VARIABLE = YES;
				IPHONEOS_DEPLOYMENT_TARGET = 16.0;
				MTL_ENABLE_DEBUG_INFO = INCLUDE_SOURCE;
				MTL_FAST_MATH = YES;
				ONLY_ACTIVE_ARCH = YES;
				SDKROOT = iphoneos;
				SWIFT_ACTIVE_COMPILATION_CONDITIONS = DEBUG;
				SWIFT_OPTIMIZATION_LEVEL = "-Onone";
			};
			name = Debug;
		};
		9A8FF0BA28BB14C100DE4CF8 /* Release */ = {
			isa = XCBuildConfiguration;
			buildSettings = {
				ALWAYS_SEARCH_USER_PATHS = NO;
				CLANG_ANALYZER_NONNULL = YES;
				CLANG_ANALYZER_NUMBER_OBJECT_CONVERSION = YES_AGGRESSIVE;
				CLANG_CXX_LANGUAGE_STANDARD = "gnu++20";
				CLANG_ENABLE_MODULES = YES;
				CLANG_ENABLE_OBJC_ARC = YES;
				CLANG_ENABLE_OBJC_WEAK = YES;
				CLANG_WARN_BLOCK_CAPTURE_AUTORELEASING = YES;
				CLANG_WARN_BOOL_CONVERSION = YES;
				CLANG_WARN_COMMA = YES;
				CLANG_WARN_CONSTANT_CONVERSION = YES;
				CLANG_WARN_DEPRECATED_OBJC_IMPLEMENTATIONS = YES;
				CLANG_WARN_DIRECT_OBJC_ISA_USAGE = YES_ERROR;
				CLANG_WARN_DOCUMENTATION_COMMENTS = YES;
				CLANG_WARN_EMPTY_BODY = YES;
				CLANG_WARN_ENUM_CONVERSION = YES;
				CLANG_WARN_INFINITE_RECURSION = YES;
				CLANG_WARN_INT_CONVERSION = YES;
				CLANG_WARN_NON_LITERAL_NULL_CONVERSION = YES;
				CLANG_WARN_OBJC_IMPLICIT_RETAIN_SELF = YES;
				CLANG_WARN_OBJC_LITERAL_CONVERSION = YES;
				CLANG_WARN_OBJC_ROOT_CLASS = YES_ERROR;
				CLANG_WARN_QUOTED_INCLUDE_IN_FRAMEWORK_HEADER = YES;
				CLANG_WARN_RANGE_LOOP_ANALYSIS = YES;
				CLANG_WARN_STRICT_PROTOTYPES = YES;
				CLANG_WARN_SUSPICIOUS_MOVE = YES;
				CLANG_WARN_UNGUARDED_AVAILABILITY = YES_AGGRESSIVE;
				CLANG_WARN_UNREACHABLE_CODE = YES;
				CLANG_WARN__DUPLICATE_METHOD_MATCH = YES;
				COPY_PHASE_STRIP = NO;
				DEBUG_INFORMATION_FORMAT = "dwarf-with-dsym";
				ENABLE_NS_ASSERTIONS = NO;
				ENABLE_STRICT_OBJC_MSGSEND = YES;
				GCC_C_LANGUAGE_STANDARD = gnu11;
				GCC_NO_COMMON_BLOCKS = YES;
				GCC_WARN_64_TO_32_BIT_CONVERSION = YES;
				GCC_WARN_ABOUT_RETURN_TYPE = YES_ERROR;
				GCC_WARN_UNDECLARED_SELECTOR = YES;
				GCC_WARN_UNINITIALIZED_AUTOS = YES_AGGRESSIVE;
				GCC_WARN_UNUSED_FUNCTION = YES;
				GCC_WARN_UNUSED_VARIABLE = YES;
				IPHONEOS_DEPLOYMENT_TARGET = 16.0;
				MTL_ENABLE_DEBUG_INFO = NO;
				MTL_FAST_MATH = YES;
				SDKROOT = iphoneos;
				SWIFT_COMPILATION_MODE = wholemodule;
				SWIFT_OPTIMIZATION_LEVEL = "-O";
				VALIDATE_PRODUCT = YES;
			};
			name = Release;
		};
		9A8FF0BC28BB14C100DE4CF8 /* Debug */ = {
			isa = XCBuildConfiguration;
			buildSettings = {
				ASSETCATALOG_COMPILER_APPICON_NAME = AppIcon;
				ASSETCATALOG_COMPILER_GLOBAL_ACCENT_COLOR_NAME = AccentColor;
				CODE_SIGN_ENTITLEMENTS = Olympsis/Olympsis.entitlements;
				CODE_SIGN_STYLE = Automatic;
				CURRENT_PROJECT_VERSION = 1;
				DEVELOPMENT_ASSET_PATHS = "\"Olympsis/Preview Content\"";
				DEVELOPMENT_TEAM = 5A6H49Q85D;
				ENABLE_PREVIEWS = YES;
				GENERATE_INFOPLIST_FILE = YES;
				INFOPLIST_FILE = Olympsis/Info.plist;
				INFOPLIST_KEY_CFBundleDisplayName = Olympsis;
				INFOPLIST_KEY_LSApplicationCategoryType = "public.app-category.sports";
				INFOPLIST_KEY_UIApplicationSceneManifest_Generation = YES;
				INFOPLIST_KEY_UIApplicationSupportsIndirectInputEvents = YES;
				INFOPLIST_KEY_UILaunchScreen_Generation = YES;
				INFOPLIST_KEY_UISupportedInterfaceOrientations = UIInterfaceOrientationPortrait;
				INFOPLIST_KEY_UISupportedInterfaceOrientations_iPad = "UIInterfaceOrientationLandscapeLeft UIInterfaceOrientationLandscapeRight UIInterfaceOrientationPortrait UIInterfaceOrientationPortraitUpsideDown";
				LD_RUNPATH_SEARCH_PATHS = (
					"$(inherited)",
					"@executable_path/Frameworks",
				);
				MARKETING_VERSION = 0.1;
				PRODUCT_BUNDLE_IDENTIFIER = com.coronislabs.Olympsis;
				PRODUCT_NAME = "$(TARGET_NAME)";
				SUPPORTED_PLATFORMS = "iphoneos iphonesimulator";
				SUPPORTS_MACCATALYST = NO;
				SUPPORTS_MAC_DESIGNED_FOR_IPHONE_IPAD = NO;
				SWIFT_EMIT_LOC_STRINGS = YES;
				SWIFT_VERSION = 5.0;
				TARGETED_DEVICE_FAMILY = 1;
			};
			name = Debug;
		};
		9A8FF0BD28BB14C100DE4CF8 /* Release */ = {
			isa = XCBuildConfiguration;
			buildSettings = {
				ASSETCATALOG_COMPILER_APPICON_NAME = AppIcon;
				ASSETCATALOG_COMPILER_GLOBAL_ACCENT_COLOR_NAME = AccentColor;
				CODE_SIGN_ENTITLEMENTS = Olympsis/Olympsis.entitlements;
				CODE_SIGN_STYLE = Automatic;
				CURRENT_PROJECT_VERSION = 1;
				DEVELOPMENT_ASSET_PATHS = "\"Olympsis/Preview Content\"";
				DEVELOPMENT_TEAM = 5A6H49Q85D;
				ENABLE_PREVIEWS = YES;
				GENERATE_INFOPLIST_FILE = YES;
				INFOPLIST_FILE = Olympsis/Info.plist;
				INFOPLIST_KEY_CFBundleDisplayName = Olympsis;
				INFOPLIST_KEY_LSApplicationCategoryType = "public.app-category.sports";
				INFOPLIST_KEY_UIApplicationSceneManifest_Generation = YES;
				INFOPLIST_KEY_UIApplicationSupportsIndirectInputEvents = YES;
				INFOPLIST_KEY_UILaunchScreen_Generation = YES;
				INFOPLIST_KEY_UISupportedInterfaceOrientations = UIInterfaceOrientationPortrait;
				INFOPLIST_KEY_UISupportedInterfaceOrientations_iPad = "UIInterfaceOrientationLandscapeLeft UIInterfaceOrientationLandscapeRight UIInterfaceOrientationPortrait UIInterfaceOrientationPortraitUpsideDown";
				LD_RUNPATH_SEARCH_PATHS = (
					"$(inherited)",
					"@executable_path/Frameworks",
				);
				MARKETING_VERSION = 0.1;
				PRODUCT_BUNDLE_IDENTIFIER = com.coronislabs.Olympsis;
				PRODUCT_NAME = "$(TARGET_NAME)";
				SUPPORTED_PLATFORMS = "iphoneos iphonesimulator";
				SUPPORTS_MACCATALYST = NO;
				SUPPORTS_MAC_DESIGNED_FOR_IPHONE_IPAD = NO;
				SWIFT_EMIT_LOC_STRINGS = YES;
				SWIFT_VERSION = 5.0;
				TARGETED_DEVICE_FAMILY = 1;
			};
			name = Release;
		};
/* End XCBuildConfiguration section */

/* Begin XCConfigurationList section */
		9A8FF0A828BB14BF00DE4CF8 /* Build configuration list for PBXProject "Olympsis" */ = {
			isa = XCConfigurationList;
			buildConfigurations = (
				9A8FF0B928BB14C100DE4CF8 /* Debug */,
				9A8FF0BA28BB14C100DE4CF8 /* Release */,
			);
			defaultConfigurationIsVisible = 0;
			defaultConfigurationName = Release;
		};
		9A8FF0BB28BB14C100DE4CF8 /* Build configuration list for PBXNativeTarget "Olympsis" */ = {
			isa = XCConfigurationList;
			buildConfigurations = (
				9A8FF0BC28BB14C100DE4CF8 /* Debug */,
				9A8FF0BD28BB14C100DE4CF8 /* Release */,
			);
			defaultConfigurationIsVisible = 0;
			defaultConfigurationName = Release;
		};
/* End XCConfigurationList section */
	};
	rootObject = 9A8FF0A528BB14BF00DE4CF8 /* Project object */;
}
