{
  "pins" : [
    {
      "identity" : "hermes",
      "kind" : "remoteSourceControl",
      "location" : "https://github.com/NokoAnubis/Hermes.git",
      "state" : {
        "revision" : "aaf97839ac27eac28baa083403c154c87cbd9251",
        "version" : "0.1.0"
      }
    },
    {
      "identity" : "swift-toast",
      "kind" : "remoteSourceControl",
      "location" : "https://github.com/NokoAnubis/Swift-Toast.git",
      "state" : {
        "branch" : "main",
        "revision" : "7b4824802ececcc2648c8ca8036bc5aec8aaf2a4"
      }
    }
  ],
  "version" : 2
}
