{
  "pins" : [
    {
      "identity" : "hermes",
      "kind" : "remoteSourceControl",
      "location" : "https://github.com/NokoAnubis/Hermes.git",
      "state" : {
        "branch" : "main",
        "revision" : "c32efe1230652e053c1b0e7b2f467ea1c0032821"
      }
    },
    {
      "identity" : "swift-toast",
      "kind" : "remoteSourceControl",
      "location" : "https://github.com/NokoAnubis/Swift-Toast.git",
      "state" : {
        "branch" : "main",
        "revision" : "7b4824802ececcc2648c8ca8036bc5aec8aaf2a4"
      }
    }
  ],
  "version" : 2
}
