{
  "originHash" : "829d88d62920a18e08a991986c160ce1f949125594fa82027da1ae3a4738f18c",
  "pins" : [
    {
      "identity" : "hermes",
      "kind" : "remoteSourceControl",
      "location" : "https://github.com/josephjoeljo/Hermes",
      "state" : {
        "revision" : "edde43565c164593ad8424fa6020eaf0693fda5d",
        "version" : "0.2.1"
      }
    },
    {
      "identity" : "swift-toast",
      "kind" : "remoteSourceControl",
      "location" : "https://github.com/NokoAnubis/Swift-Toast.git",
      "state" : {
        "branch" : "main",
        "revision" : "7b4824802ececcc2648c8ca8036bc5aec8aaf2a4"
      }
    }
  ],
  "version" : 3
}
